// !$*UTF8*$!
{
	archiveVersion = 1;
	classes = {
	};
	objectVersion = 56;
	objects = {

/* Begin PBXBuildFile section */
		9444405E2A3F0E8B007C9204 /* AppDelegate.swift in Sources */ = {isa = PBXBuildFile; fileRef = 9444405D2A3F0E8B007C9204 /* AppDelegate.swift */; };
		944440602A3F0E8B007C9204 /* SceneDelegate.swift in Sources */ = {isa = PBXBuildFile; fileRef = 9444405F2A3F0E8B007C9204 /* SceneDelegate.swift */; };
		944440672A3F0E8C007C9204 /* Assets.xcassets in Resources */ = {isa = PBXBuildFile; fileRef = 944440662A3F0E8C007C9204 /* Assets.xcassets */; };
		9444406A2A3F0E8C007C9204 /* LaunchScreen.storyboard in Resources */ = {isa = PBXBuildFile; fileRef = 944440682A3F0E8C007C9204 /* LaunchScreen.storyboard */; };
		944440752A3F0E8D007C9204 /* MyyShopTests.swift in Sources */ = {isa = PBXBuildFile; fileRef = 944440742A3F0E8D007C9204 /* MyyShopTests.swift */; };
		9444407F2A3F0E8D007C9204 /* MyyShopUITests.swift in Sources */ = {isa = PBXBuildFile; fileRef = 9444407E2A3F0E8D007C9204 /* MyyShopUITests.swift */; };
		944440812A3F0E8D007C9204 /* MyyShopUITestsLaunchTests.swift in Sources */ = {isa = PBXBuildFile; fileRef = 944440802A3F0E8D007C9204 /* MyyShopUITestsLaunchTests.swift */; };
		9444408E2A3F41E1007C9204 /* LandingPage.swift in Sources */ = {isa = PBXBuildFile; fileRef = 9444408D2A3F41E1007C9204 /* LandingPage.swift */; };
/* End PBXBuildFile section */

/* Begin PBXContainerItemProxy section */
		944440712A3F0E8D007C9204 /* PBXContainerItemProxy */ = {
			isa = PBXContainerItemProxy;
			containerPortal = 944440522A3F0E8B007C9204 /* Project object */;
			proxyType = 1;
			remoteGlobalIDString = 944440592A3F0E8B007C9204;
			remoteInfo = MyyShop;
		};
		9444407B2A3F0E8D007C9204 /* PBXContainerItemProxy */ = {
			isa = PBXContainerItemProxy;
			containerPortal = 944440522A3F0E8B007C9204 /* Project object */;
			proxyType = 1;
			remoteGlobalIDString = 944440592A3F0E8B007C9204;
			remoteInfo = MyyShop;
		};
/* End PBXContainerItemProxy section */

/* Begin PBXFileReference section */
		9444405A2A3F0E8B007C9204 /* MyyShop.app */ = {isa = PBXFileReference; explicitFileType = wrapper.application; includeInIndex = 0; path = MyyShop.app; sourceTree = BUILT_PRODUCTS_DIR; };
		9444405D2A3F0E8B007C9204 /* AppDelegate.swift */ = {isa = PBXFileReference; lastKnownFileType = sourcecode.swift; path = AppDelegate.swift; sourceTree = "<group>"; };
		9444405F2A3F0E8B007C9204 /* SceneDelegate.swift */ = {isa = PBXFileReference; lastKnownFileType = sourcecode.swift; path = SceneDelegate.swift; sourceTree = "<group>"; };
		944440662A3F0E8C007C9204 /* Assets.xcassets */ = {isa = PBXFileReference; lastKnownFileType = folder.assetcatalog; path = Assets.xcassets; sourceTree = "<group>"; };
		944440692A3F0E8C007C9204 /* Base */ = {isa = PBXFileReference; lastKnownFileType = file.storyboard; name = Base; path = Base.lproj/LaunchScreen.storyboard; sourceTree = "<group>"; };
		9444406B2A3F0E8C007C9204 /* Info.plist */ = {isa = PBXFileReference; lastKnownFileType = text.plist.xml; path = Info.plist; sourceTree = "<group>"; };
		944440702A3F0E8D007C9204 /* MyyShopTests.xctest */ = {isa = PBXFileReference; explicitFileType = wrapper.cfbundle; includeInIndex = 0; path = MyyShopTests.xctest; sourceTree = BUILT_PRODUCTS_DIR; };
		944440742A3F0E8D007C9204 /* MyyShopTests.swift */ = {isa = PBXFileReference; lastKnownFileType = sourcecode.swift; path = MyyShopTests.swift; sourceTree = "<group>"; };
		9444407A2A3F0E8D007C9204 /* MyyShopUITests.xctest */ = {isa = PBXFileReference; explicitFileType = wrapper.cfbundle; includeInIndex = 0; path = MyyShopUITests.xctest; sourceTree = BUILT_PRODUCTS_DIR; };
		9444407E2A3F0E8D007C9204 /* MyyShopUITests.swift */ = {isa = PBXFileReference; lastKnownFileType = sourcecode.swift; path = MyyShopUITests.swift; sourceTree = "<group>"; };
		944440802A3F0E8D007C9204 /* MyyShopUITestsLaunchTests.swift */ = {isa = PBXFileReference; lastKnownFileType = sourcecode.swift; path = MyyShopUITestsLaunchTests.swift; sourceTree = "<group>"; };
		9444408D2A3F41E1007C9204 /* LandingPage.swift */ = {isa = PBXFileReference; lastKnownFileType = sourcecode.swift; path = LandingPage.swift; sourceTree = "<group>"; };
/* End PBXFileReference section */

/* Begin PBXFrameworksBuildPhase section */
		944440572A3F0E8B007C9204 /* Frameworks */ = {
			isa = PBXFrameworksBuildPhase;
			buildActionMask = 2147483647;
			files = (
			);
			runOnlyForDeploymentPostprocessing = 0;
		};
		9444406D2A3F0E8D007C9204 /* Frameworks */ = {
			isa = PBXFrameworksBuildPhase;
			buildActionMask = 2147483647;
			files = (
			);
			runOnlyForDeploymentPostprocessing = 0;
		};
		944440772A3F0E8D007C9204 /* Frameworks */ = {
			isa = PBXFrameworksBuildPhase;
			buildActionMask = 2147483647;
			files = (
			);
			runOnlyForDeploymentPostprocessing = 0;
		};
/* End PBXFrameworksBuildPhase section */

/* Begin PBXGroup section */
		944440512A3F0E8B007C9204 = {
			isa = PBXGroup;
			children = (
				9444405C2A3F0E8B007C9204 /* MyyShop */,
				944440732A3F0E8D007C9204 /* MyyShopTests */,
				9444407D2A3F0E8D007C9204 /* MyyShopUITests */,
				9444405B2A3F0E8B007C9204 /* Products */,
			);
			sourceTree = "<group>";
		};
		9444405B2A3F0E8B007C9204 /* Products */ = {
			isa = PBXGroup;
			children = (
				9444405A2A3F0E8B007C9204 /* MyyShop.app */,
				944440702A3F0E8D007C9204 /* MyyShopTests.xctest */,
				9444407A2A3F0E8D007C9204 /* MyyShopUITests.xctest */,
			);
			name = Products;
			sourceTree = "<group>";
		};
		9444405C2A3F0E8B007C9204 /* MyyShop */ = {
			isa = PBXGroup;
			children = (
				9444405D2A3F0E8B007C9204 /* AppDelegate.swift */,
				9444405F2A3F0E8B007C9204 /* SceneDelegate.swift */,
				944440662A3F0E8C007C9204 /* Assets.xcassets */,
				944440682A3F0E8C007C9204 /* LaunchScreen.storyboard */,
				9444406B2A3F0E8C007C9204 /* Info.plist */,
				9444408D2A3F41E1007C9204 /* LandingPage.swift */,
			);
			path = MyyShop;
			sourceTree = "<group>";
		};
		944440732A3F0E8D007C9204 /* MyyShopTests */ = {
			isa = PBXGroup;
			children = (
				944440742A3F0E8D007C9204 /* MyyShopTests.swift */,
			);
			path = MyyShopTests;
			sourceTree = "<group>";
		};
		9444407D2A3F0E8D007C9204 /* MyyShopUITests */ = {
			isa = PBXGroup;
			children = (
				9444407E2A3F0E8D007C9204 /* MyyShopUITests.swift */,
				944440802A3F0E8D007C9204 /* MyyShopUITestsLaunchTests.swift */,
			);
			path = MyyShopUITests;
			sourceTree = "<group>";
		};
/* End PBXGroup section */

/* Begin PBXNativeTarget section */
		944440592A3F0E8B007C9204 /* MyyShop */ = {
			isa = PBXNativeTarget;
			buildConfigurationList = 944440842A3F0E8D007C9204 /* Build configuration list for PBXNativeTarget "MyyShop" */;
			buildPhases = (
				944440562A3F0E8B007C9204 /* Sources */,
				944440572A3F0E8B007C9204 /* Frameworks */,
				944440582A3F0E8B007C9204 /* Resources */,
			);
			buildRules = (
			);
			dependencies = (
			);
			name = MyyShop;
			productName = MyyShop;
			productReference = 9444405A2A3F0E8B007C9204 /* MyyShop.app */;
			productType = "com.apple.product-type.application";
		};
		9444406F2A3F0E8D007C9204 /* MyyShopTests */ = {
			isa = PBXNativeTarget;
			buildConfigurationList = 944440872A3F0E8D007C9204 /* Build configuration list for PBXNativeTarget "MyyShopTests" */;
			buildPhases = (
				9444406C2A3F0E8D007C9204 /* Sources */,
				9444406D2A3F0E8D007C9204 /* Frameworks */,
				9444406E2A3F0E8D007C9204 /* Resources */,
			);
			buildRules = (
			);
			dependencies = (
				944440722A3F0E8D007C9204 /* PBXTargetDependency */,
			);
			name = MyyShopTests;
			productName = MyyShopTests;
			productReference = 944440702A3F0E8D007C9204 /* MyyShopTests.xctest */;
			productType = "com.apple.product-type.bundle.unit-test";
		};
		944440792A3F0E8D007C9204 /* MyyShopUITests */ = {
			isa = PBXNativeTarget;
			buildConfigurationList = 9444408A2A3F0E8D007C9204 /* Build configuration list for PBXNativeTarget "MyyShopUITests" */;
			buildPhases = (
				944440762A3F0E8D007C9204 /* Sources */,
				944440772A3F0E8D007C9204 /* Frameworks */,
				944440782A3F0E8D007C9204 /* Resources */,
			);
			buildRules = (
			);
			dependencies = (
				9444407C2A3F0E8D007C9204 /* PBXTargetDependency */,
			);
			name = MyyShopUITests;
			productName = MyyShopUITests;
			productReference = 9444407A2A3F0E8D007C9204 /* MyyShopUITests.xctest */;
			productType = "com.apple.product-type.bundle.ui-testing";
		};
/* End PBXNativeTarget section */

/* Begin PBXProject section */
		944440522A3F0E8B007C9204 /* Project object */ = {
			isa = PBXProject;
			attributes = {
				BuildIndependentTargetsInParallel = 1;
				LastSwiftUpdateCheck = 1430;
				LastUpgradeCheck = 1430;
				TargetAttributes = {
					944440592A3F0E8B007C9204 = {
						CreatedOnToolsVersion = 14.3;
					};
					9444406F2A3F0E8D007C9204 = {
						CreatedOnToolsVersion = 14.3;
						TestTargetID = 944440592A3F0E8B007C9204;
					};
					944440792A3F0E8D007C9204 = {
						CreatedOnToolsVersion = 14.3;
						TestTargetID = 944440592A3F0E8B007C9204;
					};
				};
			};
			buildConfigurationList = 944440552A3F0E8B007C9204 /* Build configuration list for PBXProject "MyyShop" */;
			compatibilityVersion = "Xcode 14.0";
			developmentRegion = en;
			hasScannedForEncodings = 0;
			knownRegions = (
				en,
				Base,
			);
			mainGroup = 944440512A3F0E8B007C9204;
			productRefGroup = 9444405B2A3F0E8B007C9204 /* Products */;
			projectDirPath = "";
			projectRoot = "";
			targets = (
				944440592A3F0E8B007C9204 /* MyyShop */,
				9444406F2A3F0E8D007C9204 /* MyyShopTests */,
				944440792A3F0E8D007C9204 /* MyyShopUITests */,
			);
		};
/* End PBXProject section */

/* Begin PBXResourcesBuildPhase section */
		944440582A3F0E8B007C9204 /* Resources */ = {
			isa = PBXResourcesBuildPhase;
			buildActionMask = 2147483647;
			files = (
				9444406A2A3F0E8C007C9204 /* LaunchScreen.storyboard in Resources */,
				944440672A3F0E8C007C9204 /* Assets.xcassets in Resources */,
			);
			runOnlyForDeploymentPostprocessing = 0;
		};
		9444406E2A3F0E8D007C9204 /* Resources */ = {
			isa = PBXResourcesBuildPhase;
			buildActionMask = 2147483647;
			files = (
			);
			runOnlyForDeploymentPostprocessing = 0;
		};
		944440782A3F0E8D007C9204 /* Resources */ = {
			isa = PBXResourcesBuildPhase;
			buildActionMask = 2147483647;
			files = (
			);
			runOnlyForDeploymentPostprocessing = 0;
		};
/* End PBXResourcesBuildPhase section */

/* Begin PBXSourcesBuildPhase section */
		944440562A3F0E8B007C9204 /* Sources */ = {
			isa = PBXSourcesBuildPhase;
			buildActionMask = 2147483647;
			files = (
				9444405E2A3F0E8B007C9204 /* AppDelegate.swift in Sources */,
				944440602A3F0E8B007C9204 /* SceneDelegate.swift in Sources */,
				9444408E2A3F41E1007C9204 /* LandingPage.swift in Sources */,
			);
			runOnlyForDeploymentPostprocessing = 0;
		};
		9444406C2A3F0E8D007C9204 /* Sources */ = {
			isa = PBXSourcesBuildPhase;
			buildActionMask = 2147483647;
			files = (
				944440752A3F0E8D007C9204 /* MyyShopTests.swift in Sources */,
			);
			runOnlyForDeploymentPostprocessing = 0;
		};
		944440762A3F0E8D007C9204 /* Sources */ = {
			isa = PBXSourcesBuildPhase;
			buildActionMask = 2147483647;
			files = (
				944440812A3F0E8D007C9204 /* MyyShopUITestsLaunchTests.swift in Sources */,
				9444407F2A3F0E8D007C9204 /* MyyShopUITests.swift in Sources */,
			);
			runOnlyForDeploymentPostprocessing = 0;
		};
/* End PBXSourcesBuildPhase section */

/* Begin PBXTargetDependency section */
		944440722A3F0E8D007C9204 /* PBXTargetDependency */ = {
			isa = PBXTargetDependency;
			target = 944440592A3F0E8B007C9204 /* MyyShop */;
			targetProxy = 944440712A3F0E8D007C9204 /* PBXContainerItemProxy */;
		};
		9444407C2A3F0E8D007C9204 /* PBXTargetDependency */ = {
			isa = PBXTargetDependency;
			target = 944440592A3F0E8B007C9204 /* MyyShop */;
			targetProxy = 9444407B2A3F0E8D007C9204 /* PBXContainerItemProxy */;
		};
/* End PBXTargetDependency section */

/* Begin PBXVariantGroup section */
		944440682A3F0E8C007C9204 /* LaunchScreen.storyboard */ = {
			isa = PBXVariantGroup;
			children = (
				944440692A3F0E8C007C9204 /* Base */,
			);
			name = LaunchScreen.storyboard;
			sourceTree = "<group>";
		};
/* End PBXVariantGroup section */

/* Begin XCBuildConfiguration section */
		944440822A3F0E8D007C9204 /* Debug */ = {
			isa = XCBuildConfiguration;
			buildSettings = {
				ALWAYS_SEARCH_USER_PATHS = NO;
				CLANG_ANALYZER_NONNULL = YES;
				CLANG_ANALYZER_NUMBER_OBJECT_CONVERSION = YES_AGGRESSIVE;
				CLANG_CXX_LANGUAGE_STANDARD = "gnu++20";
				CLANG_ENABLE_MODULES = YES;
				CLANG_ENABLE_OBJC_ARC = YES;
				CLANG_ENABLE_OBJC_WEAK = YES;
				CLANG_WARN_BLOCK_CAPTURE_AUTORELEASING = YES;
				CLANG_WARN_BOOL_CONVERSION = YES;
				CLANG_WARN_COMMA = YES;
				CLANG_WARN_CONSTANT_CONVERSION = YES;
				CLANG_WARN_DEPRECATED_OBJC_IMPLEMENTATIONS = YES;
				CLANG_WARN_DIRECT_OBJC_ISA_USAGE = YES_ERROR;
				CLANG_WARN_DOCUMENTATION_COMMENTS = YES;
				CLANG_WARN_EMPTY_BODY = YES;
				CLANG_WARN_ENUM_CONVERSION = YES;
				CLANG_WARN_INFINITE_RECURSION = YES;
				CLANG_WARN_INT_CONVERSION = YES;
				CLANG_WARN_NON_LITERAL_NULL_CONVERSION = YES;
				CLANG_WARN_OBJC_IMPLICIT_RETAIN_SELF = YES;
				CLANG_WARN_OBJC_LITERAL_CONVERSION = YES;
				CLANG_WARN_OBJC_ROOT_CLASS = YES_ERROR;
				CLANG_WARN_QUOTED_INCLUDE_IN_FRAMEWORK_HEADER = YES;
				CLANG_WARN_RANGE_LOOP_ANALYSIS = YES;
				CLANG_WARN_STRICT_PROTOTYPES = YES;
				CLANG_WARN_SUSPICIOUS_MOVE = YES;
				CLANG_WARN_UNGUARDED_AVAILABILITY = YES_AGGRESSIVE;
				CLANG_WARN_UNREACHABLE_CODE = YES;
				CLANG_WARN__DUPLICATE_METHOD_MATCH = YES;
				COPY_PHASE_STRIP = NO;
				DEBUG_INFORMATION_FORMAT = dwarf;
				ENABLE_STRICT_OBJC_MSGSEND = YES;
				ENABLE_TESTABILITY = YES;
				GCC_C_LANGUAGE_STANDARD = gnu11;
				GCC_DYNAMIC_NO_PIC = NO;
				GCC_NO_COMMON_BLOCKS = YES;
				GCC_OPTIMIZATION_LEVEL = 0;
				GCC_PREPROCESSOR_DEFINITIONS = (
					"DEBUG=1",
					"$(inherited)",
				);
				GCC_WARN_64_TO_32_BIT_CONVERSION = YES;
				GCC_WARN_ABOUT_RETURN_TYPE = YES_ERROR;
				GCC_WARN_UNDECLARED_SELECTOR = YES;
				GCC_WARN_UNINITIALIZED_AUTOS = YES_AGGRESSIVE;
				GCC_WARN_UNUSED_FUNCTION = YES;
				GCC_WARN_UNUSED_VARIABLE = YES;
				IPHONEOS_DEPLOYMENT_TARGET = 16.4;
				MTL_ENABLE_DEBUG_INFO = INCLUDE_SOURCE;
				MTL_FAST_MATH = YES;
				ONLY_ACTIVE_ARCH = YES;
				SDKROOT = iphoneos;
				SWIFT_ACTIVE_COMPILATION_CONDITIONS = DEBUG;
				SWIFT_OPTIMIZATION_LEVEL = "-Onone";
			};
			name = Debug;
		};
		944440832A3F0E8D007C9204 /* Release */ = {
			isa = XCBuildConfiguration;
			buildSettings = {
				ALWAYS_SEARCH_USER_PATHS = NO;
				CLANG_ANALYZER_NONNULL = YES;
				CLANG_ANALYZER_NUMBER_OBJECT_CONVERSION = YES_AGGRESSIVE;
				CLANG_CXX_LANGUAGE_STANDARD = "gnu++20";
				CLANG_ENABLE_MODULES = YES;
				CLANG_ENABLE_OBJC_ARC = YES;
				CLANG_ENABLE_OBJC_WEAK = YES;
				CLANG_WARN_BLOCK_CAPTURE_AUTORELEASING = YES;
				CLANG_WARN_BOOL_CONVERSION = YES;
				CLANG_WARN_COMMA = YES;
				CLANG_WARN_CONSTANT_CONVERSION = YES;
				CLANG_WARN_DEPRECATED_OBJC_IMPLEMENTATIONS = YES;
				CLANG_WARN_DIRECT_OBJC_ISA_USAGE = YES_ERROR;
				CLANG_WARN_DOCUMENTATION_COMMENTS = YES;
				CLANG_WARN_EMPTY_BODY = YES;
				CLANG_WARN_ENUM_CONVERSION = YES;
				CLANG_WARN_INFINITE_RECURSION = YES;
				CLANG_WARN_INT_CONVERSION = YES;
				CLANG_WARN_NON_LITERAL_NULL_CONVERSION = YES;
				CLANG_WARN_OBJC_IMPLICIT_RETAIN_SELF = YES;
				CLANG_WARN_OBJC_LITERAL_CONVERSION = YES;
				CLANG_WARN_OBJC_ROOT_CLASS = YES_ERROR;
				CLANG_WARN_QUOTED_INCLUDE_IN_FRAMEWORK_HEADER = YES;
				CLANG_WARN_RANGE_LOOP_ANALYSIS = YES;
				CLANG_WARN_STRICT_PROTOTYPES = YES;
				CLANG_WARN_SUSPICIOUS_MOVE = YES;
				CLANG_WARN_UNGUARDED_AVAILABILITY = YES_AGGRESSIVE;
				CLANG_WARN_UNREACHABLE_CODE = YES;
				CLANG_WARN__DUPLICATE_METHOD_MATCH = YES;
				COPY_PHASE_STRIP = NO;
				DEBUG_INFORMATION_FORMAT = "dwarf-with-dsym";
				ENABLE_NS_ASSERTIONS = NO;
				ENABLE_STRICT_OBJC_MSGSEND = YES;
				GCC_C_LANGUAGE_STANDARD = gnu11;
				GCC_NO_COMMON_BLOCKS = YES;
				GCC_WARN_64_TO_32_BIT_CONVERSION = YES;
				GCC_WARN_ABOUT_RETURN_TYPE = YES_ERROR;
				GCC_WARN_UNDECLARED_SELECTOR = YES;
				GCC_WARN_UNINITIALIZED_AUTOS = YES_AGGRESSIVE;
				GCC_WARN_UNUSED_FUNCTION = YES;
				GCC_WARN_UNUSED_VARIABLE = YES;
				IPHONEOS_DEPLOYMENT_TARGET = 16.4;
				MTL_ENABLE_DEBUG_INFO = NO;
				MTL_FAST_MATH = YES;
				SDKROOT = iphoneos;
				SWIFT_COMPILATION_MODE = wholemodule;
				SWIFT_OPTIMIZATION_LEVEL = "-O";
				VALIDATE_PRODUCT = YES;
			};
			name = Release;
		};
		944440852A3F0E8D007C9204 /* Debug */ = {
			isa = XCBuildConfiguration;
			buildSettings = {
				ASSETCATALOG_COMPILER_APPICON_NAME = AppIcon;
				ASSETCATALOG_COMPILER_GLOBAL_ACCENT_COLOR_NAME = AccentColor;
				CODE_SIGN_STYLE = Automatic;
				CURRENT_PROJECT_VERSION = 1;
				DEVELOPMENT_TEAM = 8M62A5HCKB;
				GENERATE_INFOPLIST_FILE = YES;
				INFOPLIST_FILE = MyyShop/Info.plist;
				INFOPLIST_KEY_UIApplicationSupportsIndirectInputEvents = YES;
				INFOPLIST_KEY_UILaunchStoryboardName = LaunchScreen;
				INFOPLIST_KEY_UIMainStoryboardFile = "";
				INFOPLIST_KEY_UISupportedInterfaceOrientations_iPad = "UIInterfaceOrientationPortrait UIInterfaceOrientationPortraitUpsideDown UIInterfaceOrientationLandscapeLeft UIInterfaceOrientationLandscapeRight";
				INFOPLIST_KEY_UISupportedInterfaceOrientations_iPhone = "UIInterfaceOrientationPortrait UIInterfaceOrientationLandscapeLeft UIInterfaceOrientationLandscapeRight";
				LD_RUNPATH_SEARCH_PATHS = (
					"$(inherited)",
					"@executable_path/Frameworks",
				);
				MARKETING_VERSION = 1.0;
				PRODUCT_BUNDLE_IDENTIFIER = com.myyshop.MyyShop;
				PRODUCT_NAME = "$(TARGET_NAME)";
				SWIFT_EMIT_LOC_STRINGS = YES;
				SWIFT_VERSION = 5.0;
				TARGETED_DEVICE_FAMILY = "1,2";
			};
			name = Debug;
		};
		944440862A3F0E8D007C9204 /* Release */ = {
			isa = XCBuildConfiguration;
			buildSettings = {
				ASSETCATALOG_COMPILER_APPICON_NAME = AppIcon;
				ASSETCATALOG_COMPILER_GLOBAL_ACCENT_COLOR_NAME = AccentColor;
				CODE_SIGN_STYLE = Automatic;
				CURRENT_PROJECT_VERSION = 1;
				DEVELOPMENT_TEAM = 8M62A5HCKB;
				GENERATE_INFOPLIST_FILE = YES;
				INFOPLIST_FILE = MyyShop/Info.plist;
				INFOPLIST_KEY_UIApplicationSupportsIndirectInputEvents = YES;
				INFOPLIST_KEY_UILaunchStoryboardName = LaunchScreen;
				INFOPLIST_KEY_UIMainStoryboardFile = "";
				INFOPLIST_KEY_UISupportedInterfaceOrientations_iPad = "UIInterfaceOrientationPortrait UIInterfaceOrientationPortraitUpsideDown UIInterfaceOrientationLandscapeLeft UIInterfaceOrientationLandscapeRight";
				INFOPLIST_KEY_UISupportedInterfaceOrientations_iPhone = "UIInterfaceOrientationPortrait UIInterfaceOrientationLandscapeLeft UIInterfaceOrientationLandscapeRight";
				LD_RUNPATH_SEARCH_PATHS = (
					"$(inherited)",
					"@executable_path/Frameworks",
				);
				MARKETING_VERSION = 1.0;
				PRODUCT_BUNDLE_IDENTIFIER = com.myyshop.MyyShop;
				PRODUCT_NAME = "$(TARGET_NAME)";
				SWIFT_EMIT_LOC_STRINGS = YES;
				SWIFT_VERSION = 5.0;
				TARGETED_DEVICE_FAMILY = "1,2";
			};
			name = Release;
		};
		944440882A3F0E8D007C9204 /* Debug */ = {
			isa = XCBuildConfiguration;
			buildSettings = {
				ALWAYS_EMBED_SWIFT_STANDARD_LIBRARIES = YES;
				BUNDLE_LOADER = "$(TEST_HOST)";
				CODE_SIGN_STYLE = Automatic;
				CURRENT_PROJECT_VERSION = 1;
				DEVELOPMENT_TEAM = 8M62A5HCKB;
				GENERATE_INFOPLIST_FILE = YES;
				IPHONEOS_DEPLOYMENT_TARGET = 16.4;
				MARKETING_VERSION = 1.0;
				PRODUCT_BUNDLE_IDENTIFIER = com.myyshop.MyyShopTests;
				PRODUCT_NAME = "$(TARGET_NAME)";
				SWIFT_EMIT_LOC_STRINGS = NO;
				SWIFT_VERSION = 5.0;
				TARGETED_DEVICE_FAMILY = "1,2";
				TEST_HOST = "$(BUILT_PRODUCTS_DIR)/MyyShop.app/$(BUNDLE_EXECUTABLE_FOLDER_PATH)/MyyShop";
			};
			name = Debug;
		};
		944440892A3F0E8D007C9204 /* Release */ = {
			isa = XCBuildConfiguration;
			buildSettings = {
				ALWAYS_EMBED_SWIFT_STANDARD_LIBRARIES = YES;
				BUNDLE_LOADER = "$(TEST_HOST)";
				CODE_SIGN_STYLE = Automatic;
				CURRENT_PROJECT_VERSION = 1;
				DEVELOPMENT_TEAM = 8M62A5HCKB;
				GENERATE_INFOPLIST_FILE = YES;
				IPHONEOS_DEPLOYMENT_TARGET = 16.4;
				MARKETING_VERSION = 1.0;
				PRODUCT_BUNDLE_IDENTIFIER = com.myyshop.MyyShopTests;
				PRODUCT_NAME = "$(TARGET_NAME)";
				SWIFT_EMIT_LOC_STRINGS = NO;
				SWIFT_VERSION = 5.0;
				TARGETED_DEVICE_FAMILY = "1,2";
				TEST_HOST = "$(BUILT_PRODUCTS_DIR)/MyyShop.app/$(BUNDLE_EXECUTABLE_FOLDER_PATH)/MyyShop";
			};
			name = Release;
		};
		9444408B2A3F0E8D007C9204 /* Debug */ = {
			isa = XCBuildConfiguration;
			buildSettings = {
				ALWAYS_EMBED_SWIFT_STANDARD_LIBRARIES = YES;
				CODE_SIGN_STYLE = Automatic;
				CURRENT_PROJECT_VERSION = 1;
				DEVELOPMENT_TEAM = 8M62A5HCKB;
				GENERATE_INFOPLIST_FILE = YES;
				MARKETING_VERSION = 1.0;
				PRODUCT_BUNDLE_IDENTIFIER = com.myyshop.MyyShopUITests;
				PRODUCT_NAME = "$(TARGET_NAME)";
				SWIFT_EMIT_LOC_STRINGS = NO;
				SWIFT_VERSION = 5.0;
				TARGETED_DEVICE_FAMILY = "1,2";
				TEST_TARGET_NAME = MyyShop;
			};
			name = Debug;
		};
		9444408C2A3F0E8D007C9204 /* Release */ = {
			isa = XCBuildConfiguration;
			buildSettings = {
				ALWAYS_EMBED_SWIFT_STANDARD_LIBRARIES = YES;
				CODE_SIGN_STYLE = Automatic;
				CURRENT_PROJECT_VERSION = 1;
				DEVELOPMENT_TEAM = 8M62A5HCKB;
				GENERATE_INFOPLIST_FILE = YES;
				MARKETING_VERSION = 1.0;
				PRODUCT_BUNDLE_IDENTIFIER = com.myyshop.MyyShopUITests;
				PRODUCT_NAME = "$(TARGET_NAME)";
				SWIFT_EMIT_LOC_STRINGS = NO;
				SWIFT_VERSION = 5.0;
				TARGETED_DEVICE_FAMILY = "1,2";
				TEST_TARGET_NAME = MyyShop;
			};
			name = Release;
		};
/* End XCBuildConfiguration section */

/* Begin XCConfigurationList section */
		944440552A3F0E8B007C9204 /* Build configuration list for PBXProject "MyyShop" */ = {
			isa = XCConfigurationList;
			buildConfigurations = (
				944440822A3F0E8D007C9204 /* Debug */,
				944440832A3F0E8D007C9204 /* Release */,
			);
			defaultConfigurationIsVisible = 0;
			defaultConfigurationName = Release;
		};
		944440842A3F0E8D007C9204 /* Build configuration list for PBXNativeTarget "MyyShop" */ = {
			isa = XCConfigurationList;
			buildConfigurations = (
				944440852A3F0E8D007C9204 /* Debug */,
				944440862A3F0E8D007C9204 /* Release */,
			);
			defaultConfigurationIsVisible = 0;
			defaultConfigurationName = Release;
		};
		944440872A3F0E8D007C9204 /* Build configuration list for PBXNativeTarget "MyyShopTests" */ = {
			isa = XCConfigurationList;
			buildConfigurations = (
				944440882A3F0E8D007C9204 /* Debug */,
				944440892A3F0E8D007C9204 /* Release */,
			);
			defaultConfigurationIsVisible = 0;
			defaultConfigurationName = Release;
		};
		9444408A2A3F0E8D007C9204 /* Build configuration list for PBXNativeTarget "MyyShopUITests" */ = {
			isa = XCConfigurationList;
			buildConfigurations = (
				9444408B2A3F0E8D007C9204 /* Debug */,
				9444408C2A3F0E8D007C9204 /* Release */,
			);
			defaultConfigurationIsVisible = 0;
			defaultConfigurationName = Release;
		};
/* End XCConfigurationList section */
	};
	rootObject = 944440522A3F0E8B007C9204 /* Project object */;
}
